// !$*UTF8*$!
{
	archiveVersion = 1;
	classes = {
	};
	objectVersion = 50;
	objects = {

/* Begin PBXBuildFile section */
		1F93D168247B617F00D0FC3B /* AppDelegate.swift in Sources */ = {isa = PBXBuildFile; fileRef = 1F93D167247B617F00D0FC3B /* AppDelegate.swift */; };
		1F93D16A247B617F00D0FC3B /* SceneDelegate.swift in Sources */ = {isa = PBXBuildFile; fileRef = 1F93D169247B617F00D0FC3B /* SceneDelegate.swift */; };
		1F93D16C247B617F00D0FC3B /* ContentView.swift in Sources */ = {isa = PBXBuildFile; fileRef = 1F93D16B247B617F00D0FC3B /* ContentView.swift */; };
		1F93D16E247B618300D0FC3B /* Assets.xcassets in Resources */ = {isa = PBXBuildFile; fileRef = 1F93D16D247B618300D0FC3B /* Assets.xcassets */; };
		1F93D171247B618300D0FC3B /* Preview Assets.xcassets in Resources */ = {isa = PBXBuildFile; fileRef = 1F93D170247B618300D0FC3B /* Preview Assets.xcassets */; };
		1F93D174247B618300D0FC3B /* LaunchScreen.storyboard in Resources */ = {isa = PBXBuildFile; fileRef = 1F93D172247B618300D0FC3B /* LaunchScreen.storyboard */; };
		1FEE8779247C2B4000F019E3 /* DiceViewController.swift in Sources */ = {isa = PBXBuildFile; fileRef = 1FEE8778247C2B4000F019E3 /* DiceViewController.swift */; };
		1FEE877C247C3BF800F019E3 /* DiceViewModel.swift in Sources */ = {isa = PBXBuildFile; fileRef = 1FEE877B247C3BF800F019E3 /* DiceViewModel.swift */; };
/* End PBXBuildFile section */

/* Begin PBXFileReference section */
		1F93D164247B617F00D0FC3B /* DiceDeck.app */ = {isa = PBXFileReference; explicitFileType = wrapper.application; includeInIndex = 0; path = DiceDeck.app; sourceTree = BUILT_PRODUCTS_DIR; };
		1F93D167247B617F00D0FC3B /* AppDelegate.swift */ = {isa = PBXFileReference; lastKnownFileType = sourcecode.swift; path = AppDelegate.swift; sourceTree = "<group>"; };
		1F93D169247B617F00D0FC3B /* SceneDelegate.swift */ = {isa = PBXFileReference; lastKnownFileType = sourcecode.swift; path = SceneDelegate.swift; sourceTree = "<group>"; };
		1F93D16B247B617F00D0FC3B /* ContentView.swift */ = {isa = PBXFileReference; lastKnownFileType = sourcecode.swift; path = ContentView.swift; sourceTree = "<group>"; };
		1F93D16D247B618300D0FC3B /* Assets.xcassets */ = {isa = PBXFileReference; lastKnownFileType = folder.assetcatalog; path = Assets.xcassets; sourceTree = "<group>"; };
		1F93D170247B618300D0FC3B /* Preview Assets.xcassets */ = {isa = PBXFileReference; lastKnownFileType = folder.assetcatalog; path = "Preview Assets.xcassets"; sourceTree = "<group>"; };
		1F93D173247B618300D0FC3B /* Base */ = {isa = PBXFileReference; lastKnownFileType = file.storyboard; name = Base; path = Base.lproj/LaunchScreen.storyboard; sourceTree = "<group>"; };
		1F93D175247B618300D0FC3B /* Info.plist */ = {isa = PBXFileReference; lastKnownFileType = text.plist.xml; path = Info.plist; sourceTree = "<group>"; };
		1FEE8778247C2B4000F019E3 /* DiceViewController.swift */ = {isa = PBXFileReference; lastKnownFileType = sourcecode.swift; path = DiceViewController.swift; sourceTree = "<group>"; };
		1FEE877B247C3BF800F019E3 /* DiceViewModel.swift */ = {isa = PBXFileReference; lastKnownFileType = sourcecode.swift; path = DiceViewModel.swift; sourceTree = "<group>"; };
/* End PBXFileReference section */

/* Begin PBXFrameworksBuildPhase section */
		1F93D161247B617F00D0FC3B /* Frameworks */ = {
			isa = PBXFrameworksBuildPhase;
			buildActionMask = 2147483647;
			files = (
			);
			runOnlyForDeploymentPostprocessing = 0;
		};
/* End PBXFrameworksBuildPhase section */

/* Begin PBXGroup section */
		1F93D15B247B617F00D0FC3B = {
			isa = PBXGroup;
			children = (
				1F93D166247B617F00D0FC3B /* DiceDeck */,
				1F93D165247B617F00D0FC3B /* Products */,
			);
			sourceTree = "<group>";
		};
		1F93D165247B617F00D0FC3B /* Products */ = {
			isa = PBXGroup;
			children = (
				1F93D164247B617F00D0FC3B /* DiceDeck.app */,
			);
			name = Products;
			sourceTree = "<group>";
		};
		1F93D166247B617F00D0FC3B /* DiceDeck */ = {
			isa = PBXGroup;
			children = (
				1FEE8777247C2B0300F019E3 /* ViewControllers */,
				1FEE877A247C3BE600F019E3 /* ViewModels */,
				1F93D167247B617F00D0FC3B /* AppDelegate.swift */,
				1F93D169247B617F00D0FC3B /* SceneDelegate.swift */,
				1F93D16B247B617F00D0FC3B /* ContentView.swift */,
				1F93D16D247B618300D0FC3B /* Assets.xcassets */,
				1F93D172247B618300D0FC3B /* LaunchScreen.storyboard */,
				1F93D175247B618300D0FC3B /* Info.plist */,
				1F93D16F247B618300D0FC3B /* Preview Content */,
			);
			path = DiceDeck;
			sourceTree = "<group>";
		};
		1F93D16F247B618300D0FC3B /* Preview Content */ = {
			isa = PBXGroup;
			children = (
				1F93D170247B618300D0FC3B /* Preview Assets.xcassets */,
			);
			path = "Preview Content";
			sourceTree = "<group>";
		};
		1FEE8777247C2B0300F019E3 /* ViewControllers */ = {
			isa = PBXGroup;
			children = (
				1FEE8778247C2B4000F019E3 /* DiceViewController.swift */,
			);
			path = ViewControllers;
			sourceTree = "<group>";
		};
		1FEE877A247C3BE600F019E3 /* ViewModels */ = {
			isa = PBXGroup;
			children = (
				1FEE877B247C3BF800F019E3 /* DiceViewModel.swift */,
			);
			path = ViewModels;
			sourceTree = "<group>";
		};
/* End PBXGroup section */

/* Begin PBXNativeTarget section */
		1F93D163247B617F00D0FC3B /* DiceDeck */ = {
			isa = PBXNativeTarget;
			buildConfigurationList = 1F93D178247B618300D0FC3B /* Build configuration list for PBXNativeTarget "DiceDeck" */;
			buildPhases = (
				1F93D160247B617F00D0FC3B /* Sources */,
				1F93D161247B617F00D0FC3B /* Frameworks */,
				1F93D162247B617F00D0FC3B /* Resources */,
			);
			buildRules = (
			);
			dependencies = (
			);
			name = DiceDeck;
			productName = DiceDeck;
			productReference = 1F93D164247B617F00D0FC3B /* DiceDeck.app */;
			productType = "com.apple.product-type.application";
		};
/* End PBXNativeTarget section */

/* Begin PBXProject section */
		1F93D15C247B617F00D0FC3B /* Project object */ = {
			isa = PBXProject;
			attributes = {
				LastSwiftUpdateCheck = 1140;
				LastUpgradeCheck = 1140;
				ORGANIZATIONNAME = "Chris (Murim) Park";
				TargetAttributes = {
					1F93D163247B617F00D0FC3B = {
						CreatedOnToolsVersion = 11.4.1;
					};
				};
			};
			buildConfigurationList = 1F93D15F247B617F00D0FC3B /* Build configuration list for PBXProject "DiceDeck" */;
			compatibilityVersion = "Xcode 9.3";
			developmentRegion = en;
			hasScannedForEncodings = 0;
			knownRegions = (
				en,
				Base,
			);
			mainGroup = 1F93D15B247B617F00D0FC3B;
			productRefGroup = 1F93D165247B617F00D0FC3B /* Products */;
			projectDirPath = "";
			projectRoot = "";
			targets = (
				1F93D163247B617F00D0FC3B /* DiceDeck */,
			);
		};
/* End PBXProject section */

/* Begin PBXResourcesBuildPhase section */
		1F93D162247B617F00D0FC3B /* Resources */ = {
			isa = PBXResourcesBuildPhase;
			buildActionMask = 2147483647;
			files = (
				1F93D174247B618300D0FC3B /* LaunchScreen.storyboard in Resources */,
				1F93D171247B618300D0FC3B /* Preview Assets.xcassets in Resources */,
				1F93D16E247B618300D0FC3B /* Assets.xcassets in Resources */,
			);
			runOnlyForDeploymentPostprocessing = 0;
		};
/* End PBXResourcesBuildPhase section */

/* Begin PBXSourcesBuildPhase section */
		1F93D160247B617F00D0FC3B /* Sources */ = {
			isa = PBXSourcesBuildPhase;
			buildActionMask = 2147483647;
			files = (
				1F93D168247B617F00D0FC3B /* AppDelegate.swift in Sources */,
				1FEE877C247C3BF800F019E3 /* DiceViewModel.swift in Sources */,
				1F93D16A247B617F00D0FC3B /* SceneDelegate.swift in Sources */,
				1F93D16C247B617F00D0FC3B /* ContentView.swift in Sources */,
				1FEE8779247C2B4000F019E3 /* DiceViewController.swift in Sources */,
			);
			runOnlyForDeploymentPostprocessing = 0;
		};
/* End PBXSourcesBuildPhase section */

/* Begin PBXVariantGroup section */
		1F93D172247B618300D0FC3B /* LaunchScreen.storyboard */ = {
			isa = PBXVariantGroup;
			children = (
				1F93D173247B618300D0FC3B /* Base */,
			);
			name = LaunchScreen.storyboard;
			sourceTree = "<group>";
		};
/* End PBXVariantGroup section */

/* Begin XCBuildConfiguration section */
		1F93D176247B618300D0FC3B /* Debug */ = {
			isa = XCBuildConfiguration;
			buildSettings = {
				ALWAYS_SEARCH_USER_PATHS = NO;
				CLANG_ANALYZER_NONNULL = YES;
				CLANG_ANALYZER_NUMBER_OBJECT_CONVERSION = YES_AGGRESSIVE;
				CLANG_CXX_LANGUAGE_STANDARD = "gnu++14";
				CLANG_CXX_LIBRARY = "libc++";
				CLANG_ENABLE_MODULES = YES;
				CLANG_ENABLE_OBJC_ARC = YES;
				CLANG_ENABLE_OBJC_WEAK = YES;
				CLANG_WARN_BLOCK_CAPTURE_AUTORELEASING = YES;
				CLANG_WARN_BOOL_CONVERSION = YES;
				CLANG_WARN_COMMA = YES;
				CLANG_WARN_CONSTANT_CONVERSION = YES;
				CLANG_WARN_DEPRECATED_OBJC_IMPLEMENTATIONS = YES;
				CLANG_WARN_DIRECT_OBJC_ISA_USAGE = YES_ERROR;
				CLANG_WARN_DOCUMENTATION_COMMENTS = YES;
				CLANG_WARN_EMPTY_BODY = YES;
				CLANG_WARN_ENUM_CONVERSION = YES;
				CLANG_WARN_INFINITE_RECURSION = YES;
				CLANG_WARN_INT_CONVERSION = YES;
				CLANG_WARN_NON_LITERAL_NULL_CONVERSION = YES;
				CLANG_WARN_OBJC_IMPLICIT_RETAIN_SELF = YES;
				CLANG_WARN_OBJC_LITERAL_CONVERSION = YES;
				CLANG_WARN_OBJC_ROOT_CLASS = YES_ERROR;
				CLANG_WARN_RANGE_LOOP_ANALYSIS = YES;
				CLANG_WARN_STRICT_PROTOTYPES = YES;
				CLANG_WARN_SUSPICIOUS_MOVE = YES;
				CLANG_WARN_UNGUARDED_AVAILABILITY = YES_AGGRESSIVE;
				CLANG_WARN_UNREACHABLE_CODE = YES;
				CLANG_WARN__DUPLICATE_METHOD_MATCH = YES;
				COPY_PHASE_STRIP = NO;
				DEBUG_INFORMATION_FORMAT = dwarf;
				ENABLE_STRICT_OBJC_MSGSEND = YES;
				ENABLE_TESTABILITY = YES;
				GCC_C_LANGUAGE_STANDARD = gnu11;
				GCC_DYNAMIC_NO_PIC = NO;
				GCC_NO_COMMON_BLOCKS = YES;
				GCC_OPTIMIZATION_LEVEL = 0;
				GCC_PREPROCESSOR_DEFINITIONS = (
					"DEBUG=1",
					"$(inherited)",
				);
				GCC_WARN_64_TO_32_BIT_CONVERSION = YES;
				GCC_WARN_ABOUT_RETURN_TYPE = YES_ERROR;
				GCC_WARN_UNDECLARED_SELECTOR = YES;
				GCC_WARN_UNINITIALIZED_AUTOS = YES_AGGRESSIVE;
				GCC_WARN_UNUSED_FUNCTION = YES;
				GCC_WARN_UNUSED_VARIABLE = YES;
				IPHONEOS_DEPLOYMENT_TARGET = 13.4;
				MTL_ENABLE_DEBUG_INFO = INCLUDE_SOURCE;
				MTL_FAST_MATH = YES;
				ONLY_ACTIVE_ARCH = YES;
				SDKROOT = iphoneos;
				SWIFT_ACTIVE_COMPILATION_CONDITIONS = DEBUG;
				SWIFT_OPTIMIZATION_LEVEL = "-Onone";
			};
			name = Debug;
		};
		1F93D177247B618300D0FC3B /* Release */ = {
			isa = XCBuildConfiguration;
			buildSettings = {
				ALWAYS_SEARCH_USER_PATHS = NO;
				CLANG_ANALYZER_NONNULL = YES;
				CLANG_ANALYZER_NUMBER_OBJECT_CONVERSION = YES_AGGRESSIVE;
				CLANG_CXX_LANGUAGE_STANDARD = "gnu++14";
				CLANG_CXX_LIBRARY = "libc++";
				CLANG_ENABLE_MODULES = YES;
				CLANG_ENABLE_OBJC_ARC = YES;
				CLANG_ENABLE_OBJC_WEAK = YES;
				CLANG_WARN_BLOCK_CAPTURE_AUTORELEASING = YES;
				CLANG_WARN_BOOL_CONVERSION = YES;
				CLANG_WARN_COMMA = YES;
				CLANG_WARN_CONSTANT_CONVERSION = YES;
				CLANG_WARN_DEPRECATED_OBJC_IMPLEMENTATIONS = YES;
				CLANG_WARN_DIRECT_OBJC_ISA_USAGE = YES_ERROR;
				CLANG_WARN_DOCUMENTATION_COMMENTS = YES;
				CLANG_WARN_EMPTY_BODY = YES;
				CLANG_WARN_ENUM_CONVERSION = YES;
				CLANG_WARN_INFINITE_RECURSION = YES;
				CLANG_WARN_INT_CONVERSION = YES;
				CLANG_WARN_NON_LITERAL_NULL_CONVERSION = YES;
				CLANG_WARN_OBJC_IMPLICIT_RETAIN_SELF = YES;
				CLANG_WARN_OBJC_LITERAL_CONVERSION = YES;
				CLANG_WARN_OBJC_ROOT_CLASS = YES_ERROR;
				CLANG_WARN_RANGE_LOOP_ANALYSIS = YES;
				CLANG_WARN_STRICT_PROTOTYPES = YES;
				CLANG_WARN_SUSPICIOUS_MOVE = YES;
				CLANG_WARN_UNGUARDED_AVAILABILITY = YES_AGGRESSIVE;
				CLANG_WARN_UNREACHABLE_CODE = YES;
				CLANG_WARN__DUPLICATE_METHOD_MATCH = YES;
				COPY_PHASE_STRIP = NO;
				DEBUG_INFORMATION_FORMAT = "dwarf-with-dsym";
				ENABLE_NS_ASSERTIONS = NO;
				ENABLE_STRICT_OBJC_MSGSEND = YES;
				GCC_C_LANGUAGE_STANDARD = gnu11;
				GCC_NO_COMMON_BLOCKS = YES;
				GCC_WARN_64_TO_32_BIT_CONVERSION = YES;
				GCC_WARN_ABOUT_RETURN_TYPE = YES_ERROR;
				GCC_WARN_UNDECLARED_SELECTOR = YES;
				GCC_WARN_UNINITIALIZED_AUTOS = YES_AGGRESSIVE;
				GCC_WARN_UNUSED_FUNCTION = YES;
				GCC_WARN_UNUSED_VARIABLE = YES;
				IPHONEOS_DEPLOYMENT_TARGET = 13.4;
				MTL_ENABLE_DEBUG_INFO = NO;
				MTL_FAST_MATH = YES;
				SDKROOT = iphoneos;
				SWIFT_COMPILATION_MODE = wholemodule;
				SWIFT_OPTIMIZATION_LEVEL = "-O";
				VALIDATE_PRODUCT = YES;
			};
			name = Release;
		};
		1F93D179247B618300D0FC3B /* Debug */ = {
			isa = XCBuildConfiguration;
			buildSettings = {
				ASSETCATALOG_COMPILER_APPICON_NAME = AppIcon;
				CODE_SIGN_STYLE = Automatic;
				DEVELOPMENT_ASSET_PATHS = "\"DiceDeck/Preview Content\"";
				DEVELOPMENT_TEAM = P74NRDMB6S;
				ENABLE_PREVIEWS = YES;
				INFOPLIST_FILE = DiceDeck/Info.plist;
				LD_RUNPATH_SEARCH_PATHS = (
					"$(inherited)",
					"@executable_path/Frameworks",
				);
				PRODUCT_BUNDLE_IDENTIFIER = Chrysanthemum.DiceDeck;
				PRODUCT_NAME = "$(TARGET_NAME)";
				SWIFT_VERSION = 5.0;
				TARGETED_DEVICE_FAMILY = "1,2";
			};
			name = Debug;
		};
		1F93D17A247B618300D0FC3B /* Release */ = {
			isa = XCBuildConfiguration;
			buildSettings = {
				ASSETCATALOG_COMPILER_APPICON_NAME = AppIcon;
				CODE_SIGN_STYLE = Automatic;
				DEVELOPMENT_ASSET_PATHS = "\"DiceDeck/Preview Content\"";
				DEVELOPMENT_TEAM = P74NRDMB6S;
				ENABLE_PREVIEWS = YES;
				INFOPLIST_FILE = DiceDeck/Info.plist;
				LD_RUNPATH_SEARCH_PATHS = (
					"$(inherited)",
					"@executable_path/Frameworks",
				);
				PRODUCT_BUNDLE_IDENTIFIER = Chrysanthemum.DiceDeck;
				PRODUCT_NAME = "$(TARGET_NAME)";
				SWIFT_VERSION = 5.0;
				TARGETED_DEVICE_FAMILY = "1,2";
			};
			name = Release;
		};
/* End XCBuildConfiguration section */

/* Begin XCConfigurationList section */
		1F93D15F247B617F00D0FC3B /* Build configuration list for PBXProject "DiceDeck" */ = {
			isa = XCConfigurationList;
			buildConfigurations = (
				1F93D176247B618300D0FC3B /* Debug */,
				1F93D177247B618300D0FC3B /* Release */,
			);
			defaultConfigurationIsVisible = 0;
			defaultConfigurationName = Release;
		};
		1F93D178247B618300D0FC3B /* Build configuration list for PBXNativeTarget "DiceDeck" */ = {
			isa = XCConfigurationList;
			buildConfigurations = (
				1F93D179247B618300D0FC3B /* Debug */,
				1F93D17A247B618300D0FC3B /* Release */,
			);
			defaultConfigurationIsVisible = 0;
			defaultConfigurationName = Release;
		};
/* End XCConfigurationList section */
	};
	rootObject = 1F93D15C247B617F00D0FC3B /* Project object */;
}
